
Microsoft Visual Studio Solution File, Format Version 12.00
# Visual Studio Version 17
VisualStudioVersion = 17.9.34622.214
MinimumVisualStudioVersion = 10.0.40219.1
Project("{9A19103F-16F7-4668-BE54-9A1E7A4F7556}") = "Pronia3", "Pronia3.csproj", "{A654A3E1-62AB-4C24-955C-CB52FD969C42}"
EndProject
Global
	GlobalSection(SolutionConfigurationPlatforms) = preSolution
		Debug|Any CPU = Debug|Any CPU
		Release|Any CPU = Release|Any CPU
	EndGlobalSection
	GlobalSection(ProjectConfigurationPlatforms) = postSolution
		{A654A3E1-62AB-4C24-955C-CB52FD969C42}.Debug|Any CPU.ActiveCfg = Debug|Any CPU
		{A654A3E1-62AB-4C24-955C-CB52FD969C42}.Debug|Any CPU.Build.0 = Debug|Any CPU
		{A654A3E1-62AB-4C24-955C-CB52FD969C42}.Release|Any CPU.ActiveCfg = Release|Any CPU
		{A654A3E1-62AB-4C24-955C-CB52FD969C42}.Release|Any CPU.Build.0 = Release|Any CPU
	EndGlobalSection
	GlobalSection(SolutionProperties) = preSolution
		HideSolutionNode = FALSE
	EndGlobalSection
	GlobalSection(ExtensibilityGlobals) = postSolution
		SolutionGuid = {A0C74E78-3024-44CF-A990-0F0EADC5E6B6}
	EndGlobalSection
EndGlobal
